
Microsoft Visual Studio Solution File, Format Version 12.00
# Visual Studio 15
VisualStudioVersion = 15.0.28307.136
MinimumVisualStudioVersion = 10.0.40219.1
Project("{9A19103F-16F7-4668-BE54-9A1E7A4F7556}") = "PE2.AdrianaRodriguez.Web", "PE2.AdrianaRodriguez.Web\PE2.AdrianaRodriguez.Web.csproj", "{4EDF8149-4C98-4501-92C1-0D0AF1118455}"
EndProject
Project("{9A19103F-16F7-4668-BE54-9A1E7A4F7556}") = "Tamriel.Domain", "..\..\..\OneDrive\Documenten\HBO5\programmeren 3\pe3\Tamriel.Domain\Tamriel.Domain.csproj", "{7253FBD2-A01B-4EF5-92E4-0E9ED2F7EC1F}"
EndProject
Global
	GlobalSection(SolutionConfigurationPlatforms) = preSolution
		Debug|Any CPU = Debug|Any CPU
		Release|Any CPU = Release|Any CPU
	EndGlobalSection
	GlobalSection(ProjectConfigurationPlatforms) = postSolution
		{4EDF8149-4C98-4501-92C1-0D0AF1118455}.Debug|Any CPU.ActiveCfg = Debug|Any CPU
		{4EDF8149-4C98-4501-92C1-0D0AF1118455}.Debug|Any CPU.Build.0 = Debug|Any CPU
		{4EDF8149-4C98-4501-92C1-0D0AF1118455}.Release|Any CPU.ActiveCfg = Release|Any CPU
		{4EDF8149-4C98-4501-92C1-0D0AF1118455}.Release|Any CPU.Build.0 = Release|Any CPU
		{7253FBD2-A01B-4EF5-92E4-0E9ED2F7EC1F}.Debug|Any CPU.ActiveCfg = Debug|Any CPU
		{7253FBD2-A01B-4EF5-92E4-0E9ED2F7EC1F}.Debug|Any CPU.Build.0 = Debug|Any CPU
		{7253FBD2-A01B-4EF5-92E4-0E9ED2F7EC1F}.Release|Any CPU.ActiveCfg = Release|Any CPU
		{7253FBD2-A01B-4EF5-92E4-0E9ED2F7EC1F}.Release|Any CPU.Build.0 = Release|Any CPU
	EndGlobalSection
	GlobalSection(SolutionProperties) = preSolution
		HideSolutionNode = FALSE
	EndGlobalSection
	GlobalSection(ExtensibilityGlobals) = postSolution
		SolutionGuid = {007D6FDA-FD04-4C30-866A-D6FF5B1AE742}
	EndGlobalSection
EndGlobal
